
Microsoft Visual Studio Solution File, Format Version 12.00
# Visual Studio Version 17
VisualStudioVersion = 17.5.002.0
MinimumVisualStudioVersion = 10.0.40219.1
Project("{9A19103F-16F7-4668-BE54-9A1E7A4F7556}") = "azure-app-vieri21", "azure-app-vieri21.csproj", "{83659ED8-15E2-44E6-A8B7-33999D483DD2}"
EndProject
Global
	GlobalSection(SolutionConfigurationPlatforms) = preSolution
		Debug|Any CPU = Debug|Any CPU
		Release|Any CPU = Release|Any CPU
	EndGlobalSection
	GlobalSection(ProjectConfigurationPlatforms) = postSolution
		{83659ED8-15E2-44E6-A8B7-33999D483DD2}.Debug|Any CPU.ActiveCfg = Debug|Any CPU
		{83659ED8-15E2-44E6-A8B7-33999D483DD2}.Debug|Any CPU.Build.0 = Debug|Any CPU
		{83659ED8-15E2-44E6-A8B7-33999D483DD2}.Release|Any CPU.ActiveCfg = Release|Any CPU
		{83659ED8-15E2-44E6-A8B7-33999D483DD2}.Release|Any CPU.Build.0 = Release|Any CPU
	EndGlobalSection
	GlobalSection(SolutionProperties) = preSolution
		HideSolutionNode = FALSE
	EndGlobalSection
	GlobalSection(ExtensibilityGlobals) = postSolution
		SolutionGuid = {4C4494F3-BE73-46F4-A1E7-26DD526354B7}
	EndGlobalSection
EndGlobal
